
Microsoft Visual Studio Solution File, Format Version 12.00
# Visual Studio Version 17
VisualStudioVersion = 17.10.35122.118
MinimumVisualStudioVersion = 10.0.40219.1
Project("{FAE04EC0-301F-11D3-BF4B-00C04F79EFBC}") = "WordleTest", "WordleTest\WordleTest.csproj", "{2A5DB87C-FCAF-4057-962D-0C42E469E4BD}"
EndProject
Global
	GlobalSection(SolutionConfigurationPlatforms) = preSolution
		Debug|Any CPU = Debug|Any CPU
		Release|Any CPU = Release|Any CPU
	EndGlobalSection
	GlobalSection(ProjectConfigurationPlatforms) = postSolution
		{2A5DB87C-FCAF-4057-962D-0C42E469E4BD}.Debug|Any CPU.ActiveCfg = Debug|Any CPU
		{2A5DB87C-FCAF-4057-962D-0C42E469E4BD}.Debug|Any CPU.Build.0 = Debug|Any CPU
		{2A5DB87C-FCAF-4057-962D-0C42E469E4BD}.Release|Any CPU.ActiveCfg = Release|Any CPU
		{2A5DB87C-FCAF-4057-962D-0C42E469E4BD}.Release|Any CPU.Build.0 = Release|Any CPU
	EndGlobalSection
	GlobalSection(SolutionProperties) = preSolution
		HideSolutionNode = FALSE
	EndGlobalSection
	GlobalSection(ExtensibilityGlobals) = postSolution
		SolutionGuid = {1FAF97BA-D2E2-49DC-B08B-CF8F34A61AFF}
	EndGlobalSection
EndGlobal
